{
  "version": 4,
  "terraform_version": "1.6.6",
  "serial": 6,
  "lineage": "515128c2-6027-a391-cd75-154113c535d0",
  "outputs": {},
  "resources": [
    {
      "mode": "managed",
      "type": "google_bigquery_dataset",
      "name": "dataset",
      "provider": "provider[\"registry.terraform.io/hashicorp/google\"]",
      "instances": [
        {
          "schema_version": 0,
          "attributes": {
            "access": [
              {
                "dataset": [],
                "domain": "",
                "group_by_email": "",
                "iam_member": "",
                "role": "OWNER",
                "routine": [],
                "special_group": "",
                "user_by_email": "maheshkumbhar693@gmail.com",
                "view": []
              },
              {
                "dataset": [],
                "domain": "",
                "group_by_email": "",
                "iam_member": "",
                "role": "OWNER",
                "routine": [],
                "special_group": "projectOwners",
                "user_by_email": "",
                "view": []
              },
              {
                "dataset": [],
                "domain": "",
                "group_by_email": "",
                "iam_member": "",
                "role": "READER",
                "routine": [],
                "special_group": "projectReaders",
                "user_by_email": "",
                "view": []
              },
              {
                "dataset": [],
                "domain": "",
                "group_by_email": "",
                "iam_member": "",
                "role": "WRITER",
                "routine": [],
                "special_group": "projectWriters",
                "user_by_email": "",
                "view": []
              }
            ],
            "creation_time": 1704625269421,
            "dataset_id": "terraform_dataset",
            "default_collation": "",
            "default_encryption_configuration": [],
            "default_partition_expiration_ms": 0,
            "default_table_expiration_ms": 3600000,
            "delete_contents_on_destroy": false,
            "description": "This is a test description",
            "effective_labels": {},
            "etag": "nHltxYW4Sr7Rsro/W2qRtg==",
            "friendly_name": "test",
            "id": "projects/big-data-project-410313/datasets/terraform_dataset",
            "is_case_insensitive": false,
            "labels": null,
            "last_modified_time": 1704625269421,
            "location": "us-central1",
            "max_time_travel_hours": "",
            "project": "big-data-project-410313",
            "self_link": "https://bigquery.googleapis.com/bigquery/v2/projects/big-data-project-410313/datasets/terraform_dataset",
            "storage_billing_model": "",
            "terraform_labels": {},
            "timeouts": null
          },
          "sensitive_attributes": [],
          "private": "eyJlMmJmYjczMC1lY2FhLTExZTYtOGY4OC0zNDM2M2JjN2M0YzAiOnsiY3JlYXRlIjoxMjAwMDAwMDAwMDAwLCJkZWxldGUiOjEyMDAwMDAwMDAwMDAsInVwZGF0ZSI6MTIwMDAwMDAwMDAwMH19"
        }
      ]
    },
    {
      "mode": "managed",
      "type": "google_bigquery_table",
      "name": "table",
      "provider": "provider[\"registry.terraform.io/hashicorp/google\"]",
      "instances": [
        {
          "schema_version": 0,
          "attributes": {
            "clustering": null,
            "creation_time": 1704625270543,
            "dataset_id": "terraform_dataset",
            "deletion_protection": true,
            "description": "",
            "effective_labels": {},
            "encryption_configuration": [],
            "etag": "UT60RddQfwY7zTM3gQE3kQ==",
            "expiration_time": 1704628870543,
            "external_data_configuration": [],
            "friendly_name": "",
            "id": "projects/big-data-project-410313/datasets/terraform_dataset/tables/table_from_terraform",
            "labels": null,
            "last_modified_time": 1704625270650,
            "location": "us-central1",
            "materialized_view": [],
            "max_staleness": "",
            "num_bytes": 0,
            "num_long_term_bytes": 0,
            "num_rows": 0,
            "project": "big-data-project-410313",
            "range_partitioning": [],
            "require_partition_filter": false,
            "schema": null,
            "self_link": "https://bigquery.googleapis.com/bigquery/v2/projects/big-data-project-410313/datasets/terraform_dataset/tables/table_from_terraform",
            "table_constraints": [],
            "table_id": "table_from_terraform",
            "terraform_labels": {},
            "time_partitioning": [],
            "type": "TABLE",
            "view": []
          },
          "sensitive_attributes": [],
          "private": "bnVsbA==",
          "dependencies": [
            "google_bigquery_dataset.dataset"
          ]
        }
      ]
    }
  ],
  "check_results": null
}
